
Microsoft Visual Studio Solution File, Format Version 12.00
# Visual Studio Version 17
VisualStudioVersion = 17.2.32630.192
MinimumVisualStudioVersion = 10.0.40219.1
Project("{9A19103F-16F7-4668-BE54-9A1E7A4F7556}") = "ApiEcommerce", "ApiEcommerce\ApiEcommerce.csproj", "{AF7ADC55-ED98-4865-B90D-1B1D1B89774C}"
EndProject
Project("{9A19103F-16F7-4668-BE54-9A1E7A4F7556}") = "Dominio", "Dominio\Dominio.csproj", "{7C1EDF1E-C0E9-4822-908A-B366737DBDA9}"
EndProject
Project("{9A19103F-16F7-4668-BE54-9A1E7A4F7556}") = "Manejadores", "Manejadores\Manejadores.csproj", "{5AE27568-9DA8-4BB1-9876-F8F8D7F52147}"
EndProject
Project("{9A19103F-16F7-4668-BE54-9A1E7A4F7556}") = "Repositorios", "Repositorios\Repositorios.csproj", "{D08AAF9E-9D29-475D-B959-CC8125A29C0E}"
EndProject
Project("{9A19103F-16F7-4668-BE54-9A1E7A4F7556}") = "DTOS", "DTOS\DTOS.csproj", "{0E8505C4-BA72-4875-9C7F-A01BFCC52DE9}"
EndProject
Global
	GlobalSection(SolutionConfigurationPlatforms) = preSolution
		Debug|Any CPU = Debug|Any CPU
		Release|Any CPU = Release|Any CPU
	EndGlobalSection
	GlobalSection(ProjectConfigurationPlatforms) = postSolution
		{AF7ADC55-ED98-4865-B90D-1B1D1B89774C}.Debug|Any CPU.ActiveCfg = Debug|Any CPU
		{AF7ADC55-ED98-4865-B90D-1B1D1B89774C}.Debug|Any CPU.Build.0 = Debug|Any CPU
		{AF7ADC55-ED98-4865-B90D-1B1D1B89774C}.Release|Any CPU.ActiveCfg = Release|Any CPU
		{AF7ADC55-ED98-4865-B90D-1B1D1B89774C}.Release|Any CPU.Build.0 = Release|Any CPU
		{7C1EDF1E-C0E9-4822-908A-B366737DBDA9}.Debug|Any CPU.ActiveCfg = Debug|Any CPU
		{7C1EDF1E-C0E9-4822-908A-B366737DBDA9}.Debug|Any CPU.Build.0 = Debug|Any CPU
		{7C1EDF1E-C0E9-4822-908A-B366737DBDA9}.Release|Any CPU.ActiveCfg = Release|Any CPU
		{7C1EDF1E-C0E9-4822-908A-B366737DBDA9}.Release|Any CPU.Build.0 = Release|Any CPU
		{5AE27568-9DA8-4BB1-9876-F8F8D7F52147}.Debug|Any CPU.ActiveCfg = Debug|Any CPU
		{5AE27568-9DA8-4BB1-9876-F8F8D7F52147}.Debug|Any CPU.Build.0 = Debug|Any CPU
		{5AE27568-9DA8-4BB1-9876-F8F8D7F52147}.Release|Any CPU.ActiveCfg = Release|Any CPU
		{5AE27568-9DA8-4BB1-9876-F8F8D7F52147}.Release|Any CPU.Build.0 = Release|Any CPU
		{D08AAF9E-9D29-475D-B959-CC8125A29C0E}.Debug|Any CPU.ActiveCfg = Debug|Any CPU
		{D08AAF9E-9D29-475D-B959-CC8125A29C0E}.Debug|Any CPU.Build.0 = Debug|Any CPU
		{D08AAF9E-9D29-475D-B959-CC8125A29C0E}.Release|Any CPU.ActiveCfg = Release|Any CPU
		{D08AAF9E-9D29-475D-B959-CC8125A29C0E}.Release|Any CPU.Build.0 = Release|Any CPU
		{0E8505C4-BA72-4875-9C7F-A01BFCC52DE9}.Debug|Any CPU.ActiveCfg = Debug|Any CPU
		{0E8505C4-BA72-4875-9C7F-A01BFCC52DE9}.Debug|Any CPU.Build.0 = Debug|Any CPU
		{0E8505C4-BA72-4875-9C7F-A01BFCC52DE9}.Release|Any CPU.ActiveCfg = Release|Any CPU
		{0E8505C4-BA72-4875-9C7F-A01BFCC52DE9}.Release|Any CPU.Build.0 = Release|Any CPU
	EndGlobalSection
	GlobalSection(SolutionProperties) = preSolution
		HideSolutionNode = FALSE
	EndGlobalSection
	GlobalSection(ExtensibilityGlobals) = postSolution
		SolutionGuid = {790E10C2-FB46-4F4C-AA5E-1A6F97ED0669}
	EndGlobalSection
EndGlobal
